
Microsoft Visual Studio Solution File, Format Version 12.00
# Visual Studio Version 16
VisualStudioVersion = 16.0.31410.357
MinimumVisualStudioVersion = 10.0.40219.1
Project("{FAE04EC0-301F-11D3-BF4B-00C04F79EFBC}") = "Memory", "Memory\Memory.csproj", "{B04F8BDF-EB41-4C4B-BF1A-1C6477538502}"
EndProject
Global
	GlobalSection(SolutionConfigurationPlatforms) = preSolution
		Debug|Any CPU = Debug|Any CPU
		Release|Any CPU = Release|Any CPU
	EndGlobalSection
	GlobalSection(ProjectConfigurationPlatforms) = postSolution
		{B04F8BDF-EB41-4C4B-BF1A-1C6477538502}.Debug|Any CPU.ActiveCfg = Debug|Any CPU
		{B04F8BDF-EB41-4C4B-BF1A-1C6477538502}.Debug|Any CPU.Build.0 = Debug|Any CPU
		{B04F8BDF-EB41-4C4B-BF1A-1C6477538502}.Release|Any CPU.ActiveCfg = Release|Any CPU
		{B04F8BDF-EB41-4C4B-BF1A-1C6477538502}.Release|Any CPU.Build.0 = Release|Any CPU
	EndGlobalSection
	GlobalSection(SolutionProperties) = preSolution
		HideSolutionNode = FALSE
	EndGlobalSection
	GlobalSection(ExtensibilityGlobals) = postSolution
		SolutionGuid = {75F83021-E8F5-4B52-93F9-68772435059E}
	EndGlobalSection
EndGlobal
